<Solution>
  <Folder Name="/Core/">
    <Project Path="Application/Application.csproj" />
    <Project Path="Domain/Domain.csproj" />
  </Folder>
  <Folder Name="/Infrastructure/">
    <Project Path="JobsRunner/JobsRunner.csproj" Id="fa3d412e-78c8-46c9-96b2-1900ffd4d9f4" />
    <Project Path="Persistance/Persistance.csproj" />
  </Folder>
  <Folder Name="/Presentation/">
    <Project Path="MovieCutterAPI/MovieCutterAPI.csproj" />
  </Folder>
  <Folder Name="/Solution Items/">
    <File Path="docker-compose.yml" />
    <File Path="NuGet.Docker.config" />
  </Folder>
</Solution>
